// !$*UTF8*$!
{
	archiveVersion = 1;
	classes = {
	};
	objectVersion = 46;
	objects = {

/* Begin PBXBuildFile section */
		C7200CDD21600C940012A3F0 /* ShortcutCreator.swift in Sources */ = {isa = PBXBuildFile; fileRef = C7200CDC21600C940012A3F0 /* ShortcutCreator.swift */; };
		C7200CDF216020B80012A3F0 /* IntentParser.swift in Sources */ = {isa = PBXBuildFile; fileRef = C7200CDE216020B80012A3F0 /* IntentParser.swift */; };
		C7283688253CC0D9001CA287 /* WidgetKit.framework in Frameworks */ = {isa = PBXBuildFile; fileRef = C7283687253CC0D9001CA287 /* WidgetKit.framework */; };
		C728368A253CC0D9001CA287 /* SwiftUI.framework in Frameworks */ = {isa = PBXBuildFile; fileRef = C7283689253CC0D9001CA287 /* SwiftUI.framework */; };
		C728368F253CC0DB001CA287 /* Assets.xcassets in Resources */ = {isa = PBXBuildFile; fileRef = C728368E253CC0DB001CA287 /* Assets.xcassets */; };
		C7283693253CC0DB001CA287 /* widgetExtension.appex in Embed App Extensions */ = {isa = PBXBuildFile; fileRef = C7283686253CC0D9001CA287 /* widgetExtension.appex */; settings = {ATTRIBUTES = (RemoveHeadersOnCopy, ); }; };
		C72836B1253CC7ED001CA287 /* widget.swift in Sources */ = {isa = PBXBuildFile; fileRef = C728368C253CC0D9001CA287 /* widget.swift */; };
		C72836BB253CC96D001CA287 /* WidgetIntent.intentdefinition in Sources */ = {isa = PBXBuildFile; fileRef = C72836BA253CC96D001CA287 /* WidgetIntent.intentdefinition */; };
		C72836BC253CC96D001CA287 /* WidgetIntent.intentdefinition in Sources */ = {isa = PBXBuildFile; fileRef = C72836BA253CC96D001CA287 /* WidgetIntent.intentdefinition */; };
		C76AEC0A1EA5A384005CA0AF /* white.mp3 in Resources */ = {isa = PBXBuildFile; fileRef = C76AEC091EA5A384005CA0AF /* white.mp3 */; };
		C76AEC0C1EA5A3B2005CA0AF /* pink.mp3 in Resources */ = {isa = PBXBuildFile; fileRef = C76AEC0B1EA5A3B2005CA0AF /* pink.mp3 */; };
		C76AEC0E1EA5A3BC005CA0AF /* brown.mp3 in Resources */ = {isa = PBXBuildFile; fileRef = C76AEC0D1EA5A3BC005CA0AF /* brown.mp3 */; };
		C76AEC101EA5A441005CA0AF /* MainPresenter.swift in Sources */ = {isa = PBXBuildFile; fileRef = C76AEC0F1EA5A441005CA0AF /* MainPresenter.swift */; };
		C7797C9723410753008C09EA /* SettingsViewController.swift in Sources */ = {isa = PBXBuildFile; fileRef = C7797C9623410753008C09EA /* SettingsViewController.swift */; };
		C7B8B18E253B57470047FAAB /* Themer.swift in Sources */ = {isa = PBXBuildFile; fileRef = C7B8B18D253B57470047FAAB /* Themer.swift */; };
		C7D0B7E32543781F002CB28B /* SettingsSource.swift in Sources */ = {isa = PBXBuildFile; fileRef = C7D0B7E22543781F002CB28B /* SettingsSource.swift */; };
		C7D0B7E42543781F002CB28B /* SettingsSource.swift in Sources */ = {isa = PBXBuildFile; fileRef = C7D0B7E22543781F002CB28B /* SettingsSource.swift */; };
		C7D0B7E92544AFB8002CB28B /* Assets.xcassets in Resources */ = {isa = PBXBuildFile; fileRef = C7D7860E1E9A943E004448A2 /* Assets.xcassets */; };
		C7D0B7EE2544CF6C002CB28B /* Themer.swift in Sources */ = {isa = PBXBuildFile; fileRef = C7B8B18D253B57470047FAAB /* Themer.swift */; };
		C7D0B7FD2545D834002CB28B /* SettingsView.swift in Sources */ = {isa = PBXBuildFile; fileRef = C7D0B7FC2545D834002CB28B /* SettingsView.swift */; };
		C7D0B7FE2545D834002CB28B /* SettingsView.swift in Sources */ = {isa = PBXBuildFile; fileRef = C7D0B7FC2545D834002CB28B /* SettingsView.swift */; };
		C7D786081E9A943E004448A2 /* AppDelegate.swift in Sources */ = {isa = PBXBuildFile; fileRef = C7D786071E9A943E004448A2 /* AppDelegate.swift */; };
		C7D7860A1E9A943E004448A2 /* ViewController.swift in Sources */ = {isa = PBXBuildFile; fileRef = C7D786091E9A943E004448A2 /* ViewController.swift */; };
		C7D7860D1E9A943E004448A2 /* Main.storyboard in Resources */ = {isa = PBXBuildFile; fileRef = C7D7860B1E9A943E004448A2 /* Main.storyboard */; };
		C7D7860F1E9A943E004448A2 /* Assets.xcassets in Resources */ = {isa = PBXBuildFile; fileRef = C7D7860E1E9A943E004448A2 /* Assets.xcassets */; };
		C7D786121E9A943E004448A2 /* LaunchScreen.storyboard in Resources */ = {isa = PBXBuildFile; fileRef = C7D786101E9A943E004448A2 /* LaunchScreen.storyboard */; };
		C7D7861D1E9A943E004448A2 /* White_NoiseTests.swift in Sources */ = {isa = PBXBuildFile; fileRef = C7D7861C1E9A943E004448A2 /* White_NoiseTests.swift */; };
		C7D786281E9A943E004448A2 /* White_NoiseUITests.swift in Sources */ = {isa = PBXBuildFile; fileRef = C7D786271E9A943E004448A2 /* White_NoiseUITests.swift */; };
		C7DC840F253CEB5B00E0575A /* IntentParser.swift in Sources */ = {isa = PBXBuildFile; fileRef = C7200CDE216020B80012A3F0 /* IntentParser.swift */; };
		C7DC8423253CEBDC00E0575A /* NoiseColors.swift in Sources */ = {isa = PBXBuildFile; fileRef = C7DC8422253CEBDC00E0575A /* NoiseColors.swift */; };
		C7DC8428253CEBED00E0575A /* NoiseColors.swift in Sources */ = {isa = PBXBuildFile; fileRef = C7DC8422253CEBDC00E0575A /* NoiseColors.swift */; };
/* End PBXBuildFile section */

/* Begin PBXContainerItemProxy section */
		C7283691253CC0DB001CA287 /* PBXContainerItemProxy */ = {
			isa = PBXContainerItemProxy;
			containerPortal = C7D785FC1E9A943D004448A2 /* Project object */;
			proxyType = 1;
			remoteGlobalIDString = C7283685253CC0D9001CA287;
			remoteInfo = widgetExtension;
		};
		C7D786191E9A943E004448A2 /* PBXContainerItemProxy */ = {
			isa = PBXContainerItemProxy;
			containerPortal = C7D785FC1E9A943D004448A2 /* Project object */;
			proxyType = 1;
			remoteGlobalIDString = C7D786031E9A943E004448A2;
			remoteInfo = "White Noise";
		};
		C7D786241E9A943E004448A2 /* PBXContainerItemProxy */ = {
			isa = PBXContainerItemProxy;
			containerPortal = C7D785FC1E9A943D004448A2 /* Project object */;
			proxyType = 1;
			remoteGlobalIDString = C7D786031E9A943E004448A2;
			remoteInfo = "White Noise";
		};
/* End PBXContainerItemProxy section */

/* Begin PBXCopyFilesBuildPhase section */
		C7283697253CC0DB001CA287 /* Embed App Extensions */ = {
			isa = PBXCopyFilesBuildPhase;
			buildActionMask = 2147483647;
			dstPath = "";
			dstSubfolderSpec = 13;
			files = (
				C7283693253CC0DB001CA287 /* widgetExtension.appex in Embed App Extensions */,
			);
			name = "Embed App Extensions";
			runOnlyForDeploymentPostprocessing = 0;
		};
/* End PBXCopyFilesBuildPhase section */

/* Begin PBXFileReference section */
		C7200CDC21600C940012A3F0 /* ShortcutCreator.swift */ = {isa = PBXFileReference; lastKnownFileType = sourcecode.swift; path = ShortcutCreator.swift; sourceTree = "<group>"; };
		C7200CDE216020B80012A3F0 /* IntentParser.swift */ = {isa = PBXFileReference; lastKnownFileType = sourcecode.swift; path = IntentParser.swift; sourceTree = "<group>"; };
		C7283686253CC0D9001CA287 /* widgetExtension.appex */ = {isa = PBXFileReference; explicitFileType = "wrapper.app-extension"; includeInIndex = 0; path = widgetExtension.appex; sourceTree = BUILT_PRODUCTS_DIR; };
		C7283687253CC0D9001CA287 /* WidgetKit.framework */ = {isa = PBXFileReference; lastKnownFileType = wrapper.framework; name = WidgetKit.framework; path = System/Library/Frameworks/WidgetKit.framework; sourceTree = SDKROOT; };
		C7283689253CC0D9001CA287 /* SwiftUI.framework */ = {isa = PBXFileReference; lastKnownFileType = wrapper.framework; name = SwiftUI.framework; path = System/Library/Frameworks/SwiftUI.framework; sourceTree = SDKROOT; };
		C728368C253CC0D9001CA287 /* widget.swift */ = {isa = PBXFileReference; lastKnownFileType = sourcecode.swift; path = widget.swift; sourceTree = "<group>"; };
		C728368E253CC0DB001CA287 /* Assets.xcassets */ = {isa = PBXFileReference; lastKnownFileType = folder.assetcatalog; path = Assets.xcassets; sourceTree = "<group>"; };
		C7283690253CC0DB001CA287 /* Info.plist */ = {isa = PBXFileReference; lastKnownFileType = text.plist.xml; path = Info.plist; sourceTree = "<group>"; };
		C72836BA253CC96D001CA287 /* WidgetIntent.intentdefinition */ = {isa = PBXFileReference; lastKnownFileType = file.intentdefinition; path = WidgetIntent.intentdefinition; sourceTree = "<group>"; };
		C76AEC091EA5A384005CA0AF /* white.mp3 */ = {isa = PBXFileReference; lastKnownFileType = audio.mp3; name = white.mp3; path = ../white.mp3; sourceTree = "<group>"; };
		C76AEC0B1EA5A3B2005CA0AF /* pink.mp3 */ = {isa = PBXFileReference; lastKnownFileType = audio.mp3; path = pink.mp3; sourceTree = "<group>"; };
		C76AEC0D1EA5A3BC005CA0AF /* brown.mp3 */ = {isa = PBXFileReference; lastKnownFileType = audio.mp3; path = brown.mp3; sourceTree = "<group>"; };
		C76AEC0F1EA5A441005CA0AF /* MainPresenter.swift */ = {isa = PBXFileReference; fileEncoding = 4; lastKnownFileType = sourcecode.swift; path = MainPresenter.swift; sourceTree = "<group>"; };
		C7797C9623410753008C09EA /* SettingsViewController.swift */ = {isa = PBXFileReference; lastKnownFileType = sourcecode.swift; path = SettingsViewController.swift; sourceTree = "<group>"; };
		C79C62CC1EE77EC800D6B9E2 /* White Noise.entitlements */ = {isa = PBXFileReference; lastKnownFileType = text.plist.entitlements; path = "White Noise.entitlements"; sourceTree = "<group>"; };
		C7B8B18D253B57470047FAAB /* Themer.swift */ = {isa = PBXFileReference; lastKnownFileType = sourcecode.swift; path = Themer.swift; sourceTree = "<group>"; };
		C7D0B7DD254376CE002CB28B /* widgetExtension.entitlements */ = {isa = PBXFileReference; lastKnownFileType = text.plist.entitlements; path = widgetExtension.entitlements; sourceTree = "<group>"; };
		C7D0B7E22543781F002CB28B /* SettingsSource.swift */ = {isa = PBXFileReference; lastKnownFileType = sourcecode.swift; path = SettingsSource.swift; sourceTree = "<group>"; };
		C7D0B7FC2545D834002CB28B /* SettingsView.swift */ = {isa = PBXFileReference; lastKnownFileType = sourcecode.swift; path = SettingsView.swift; sourceTree = "<group>"; };
		C7D786041E9A943E004448A2 /* White Noise.app */ = {isa = PBXFileReference; explicitFileType = wrapper.application; includeInIndex = 0; path = "White Noise.app"; sourceTree = BUILT_PRODUCTS_DIR; };
		C7D786071E9A943E004448A2 /* AppDelegate.swift */ = {isa = PBXFileReference; lastKnownFileType = sourcecode.swift; path = AppDelegate.swift; sourceTree = "<group>"; };
		C7D786091E9A943E004448A2 /* ViewController.swift */ = {isa = PBXFileReference; lastKnownFileType = sourcecode.swift; path = ViewController.swift; sourceTree = "<group>"; };
		C7D7860C1E9A943E004448A2 /* Base */ = {isa = PBXFileReference; lastKnownFileType = file.storyboard; name = Base; path = Base.lproj/Main.storyboard; sourceTree = "<group>"; };
		C7D7860E1E9A943E004448A2 /* Assets.xcassets */ = {isa = PBXFileReference; lastKnownFileType = folder.assetcatalog; path = Assets.xcassets; sourceTree = "<group>"; };
		C7D786111E9A943E004448A2 /* Base */ = {isa = PBXFileReference; lastKnownFileType = file.storyboard; name = Base; path = Base.lproj/LaunchScreen.storyboard; sourceTree = "<group>"; };
		C7D786131E9A943E004448A2 /* Info.plist */ = {isa = PBXFileReference; lastKnownFileType = text.plist.xml; path = Info.plist; sourceTree = "<group>"; };
		C7D786181E9A943E004448A2 /* White NoiseTests.xctest */ = {isa = PBXFileReference; explicitFileType = wrapper.cfbundle; includeInIndex = 0; path = "White NoiseTests.xctest"; sourceTree = BUILT_PRODUCTS_DIR; };
		C7D7861C1E9A943E004448A2 /* White_NoiseTests.swift */ = {isa = PBXFileReference; lastKnownFileType = sourcecode.swift; path = White_NoiseTests.swift; sourceTree = "<group>"; };
		C7D7861E1E9A943E004448A2 /* Info.plist */ = {isa = PBXFileReference; lastKnownFileType = text.plist.xml; path = Info.plist; sourceTree = "<group>"; };
		C7D786231E9A943E004448A2 /* White NoiseUITests.xctest */ = {isa = PBXFileReference; explicitFileType = wrapper.cfbundle; includeInIndex = 0; path = "White NoiseUITests.xctest"; sourceTree = BUILT_PRODUCTS_DIR; };
		C7D786271E9A943E004448A2 /* White_NoiseUITests.swift */ = {isa = PBXFileReference; lastKnownFileType = sourcecode.swift; path = White_NoiseUITests.swift; sourceTree = "<group>"; };
		C7D786291E9A943E004448A2 /* Info.plist */ = {isa = PBXFileReference; lastKnownFileType = text.plist.xml; path = Info.plist; sourceTree = "<group>"; };
		C7DC8422253CEBDC00E0575A /* NoiseColors.swift */ = {isa = PBXFileReference; lastKnownFileType = sourcecode.swift; path = NoiseColors.swift; sourceTree = "<group>"; };
/* End PBXFileReference section */

/* Begin PBXFrameworksBuildPhase section */
		C7283683253CC0D9001CA287 /* Frameworks */ = {
			isa = PBXFrameworksBuildPhase;
			buildActionMask = 2147483647;
			files = (
				C728368A253CC0D9001CA287 /* SwiftUI.framework in Frameworks */,
				C7283688253CC0D9001CA287 /* WidgetKit.framework in Frameworks */,
			);
			runOnlyForDeploymentPostprocessing = 0;
		};
		C7D786011E9A943E004448A2 /* Frameworks */ = {
			isa = PBXFrameworksBuildPhase;
			buildActionMask = 2147483647;
			files = (
			);
			runOnlyForDeploymentPostprocessing = 0;
		};
		C7D786151E9A943E004448A2 /* Frameworks */ = {
			isa = PBXFrameworksBuildPhase;
			buildActionMask = 2147483647;
			files = (
			);
			runOnlyForDeploymentPostprocessing = 0;
		};
		C7D786201E9A943E004448A2 /* Frameworks */ = {
			isa = PBXFrameworksBuildPhase;
			buildActionMask = 2147483647;
			files = (
			);
			runOnlyForDeploymentPostprocessing = 0;
		};
/* End PBXFrameworksBuildPhase section */

/* Begin PBXGroup section */
		C728368B253CC0D9001CA287 /* widget */ = {
			isa = PBXGroup;
			children = (
				C7200CDE216020B80012A3F0 /* IntentParser.swift */,
				C72836BA253CC96D001CA287 /* WidgetIntent.intentdefinition */,
				C728368C253CC0D9001CA287 /* widget.swift */,
				C728368E253CC0DB001CA287 /* Assets.xcassets */,
				C7283690253CC0DB001CA287 /* Info.plist */,
			);
			path = widget;
			sourceTree = "<group>";
		};
		C79C62CD1EE77EC800D6B9E2 /* Frameworks */ = {
			isa = PBXGroup;
			children = (
				C7283687253CC0D9001CA287 /* WidgetKit.framework */,
				C7283689253CC0D9001CA287 /* SwiftUI.framework */,
			);
			name = Frameworks;
			sourceTree = "<group>";
		};
		C7D785FB1E9A943D004448A2 = {
			isa = PBXGroup;
			children = (
				C7D0B7DD254376CE002CB28B /* widgetExtension.entitlements */,
				C7D786061E9A943E004448A2 /* White Noise */,
				C7D7861B1E9A943E004448A2 /* White NoiseTests */,
				C7D786261E9A943E004448A2 /* White NoiseUITests */,
				C728368B253CC0D9001CA287 /* widget */,
				C7D786051E9A943E004448A2 /* Products */,
				C79C62CD1EE77EC800D6B9E2 /* Frameworks */,
			);
			sourceTree = "<group>";
		};
		C7D786051E9A943E004448A2 /* Products */ = {
			isa = PBXGroup;
			children = (
				C7D786041E9A943E004448A2 /* White Noise.app */,
				C7D786181E9A943E004448A2 /* White NoiseTests.xctest */,
				C7D786231E9A943E004448A2 /* White NoiseUITests.xctest */,
				C7283686253CC0D9001CA287 /* widgetExtension.appex */,
			);
			name = Products;
			sourceTree = "<group>";
		};
		C7D786061E9A943E004448A2 /* White Noise */ = {
			isa = PBXGroup;
			children = (
				C79C62CC1EE77EC800D6B9E2 /* White Noise.entitlements */,
				C76AEC091EA5A384005CA0AF /* white.mp3 */,
				C76AEC0B1EA5A3B2005CA0AF /* pink.mp3 */,
				C76AEC0D1EA5A3BC005CA0AF /* brown.mp3 */,
				C7D786071E9A943E004448A2 /* AppDelegate.swift */,
				C7D786091E9A943E004448A2 /* ViewController.swift */,
				C7D0B7FC2545D834002CB28B /* SettingsView.swift */,
				C7797C9623410753008C09EA /* SettingsViewController.swift */,
				C7D7860B1E9A943E004448A2 /* Main.storyboard */,
				C7D7860E1E9A943E004448A2 /* Assets.xcassets */,
				C7D786101E9A943E004448A2 /* LaunchScreen.storyboard */,
				C7D786131E9A943E004448A2 /* Info.plist */,
				C76AEC0F1EA5A441005CA0AF /* MainPresenter.swift */,
				C7200CDC21600C940012A3F0 /* ShortcutCreator.swift */,
				C7B8B18D253B57470047FAAB /* Themer.swift */,
				C7DC8422253CEBDC00E0575A /* NoiseColors.swift */,
				C7D0B7E22543781F002CB28B /* SettingsSource.swift */,
			);
			path = "White Noise";
			sourceTree = "<group>";
		};
		C7D7861B1E9A943E004448A2 /* White NoiseTests */ = {
			isa = PBXGroup;
			children = (
				C7D7861C1E9A943E004448A2 /* White_NoiseTests.swift */,
				C7D7861E1E9A943E004448A2 /* Info.plist */,
			);
			path = "White NoiseTests";
			sourceTree = "<group>";
		};
		C7D786261E9A943E004448A2 /* White NoiseUITests */ = {
			isa = PBXGroup;
			children = (
				C7D786271E9A943E004448A2 /* White_NoiseUITests.swift */,
				C7D786291E9A943E004448A2 /* Info.plist */,
			);
			path = "White NoiseUITests";
			sourceTree = "<group>";
		};
/* End PBXGroup section */

/* Begin PBXNativeTarget section */
		C7283685253CC0D9001CA287 /* widgetExtension */ = {
			isa = PBXNativeTarget;
			buildConfigurationList = C7283694253CC0DB001CA287 /* Build configuration list for PBXNativeTarget "widgetExtension" */;
			buildPhases = (
				C7283682253CC0D9001CA287 /* Sources */,
				C7283683253CC0D9001CA287 /* Frameworks */,
				C7283684253CC0D9001CA287 /* Resources */,
			);
			buildRules = (
			);
			dependencies = (
			);
			name = widgetExtension;
			productName = widgetExtension;
			productReference = C7283686253CC0D9001CA287 /* widgetExtension.appex */;
			productType = "com.apple.product-type.app-extension";
		};
		C7D786031E9A943E004448A2 /* White Noise */ = {
			isa = PBXNativeTarget;
			buildConfigurationList = C7D7862C1E9A943E004448A2 /* Build configuration list for PBXNativeTarget "White Noise" */;
			buildPhases = (
				C7D786001E9A943E004448A2 /* Sources */,
				C7D786011E9A943E004448A2 /* Frameworks */,
				C7D786021E9A943E004448A2 /* Resources */,
				C7283697253CC0DB001CA287 /* Embed App Extensions */,
			);
			buildRules = (
			);
			dependencies = (
				C7283692253CC0DB001CA287 /* PBXTargetDependency */,
			);
			name = "White Noise";
			productName = "White Noise";
			productReference = C7D786041E9A943E004448A2 /* White Noise.app */;
			productType = "com.apple.product-type.application";
		};
		C7D786171E9A943E004448A2 /* White NoiseTests */ = {
			isa = PBXNativeTarget;
			buildConfigurationList = C7D7862F1E9A943E004448A2 /* Build configuration list for PBXNativeTarget "White NoiseTests" */;
			buildPhases = (
				C7D786141E9A943E004448A2 /* Sources */,
				C7D786151E9A943E004448A2 /* Frameworks */,
				C7D786161E9A943E004448A2 /* Resources */,
			);
			buildRules = (
			);
			dependencies = (
				C7D7861A1E9A943E004448A2 /* PBXTargetDependency */,
			);
			name = "White NoiseTests";
			productName = "White NoiseTests";
			productReference = C7D786181E9A943E004448A2 /* White NoiseTests.xctest */;
			productType = "com.apple.product-type.bundle.unit-test";
		};
		C7D786221E9A943E004448A2 /* White NoiseUITests */ = {
			isa = PBXNativeTarget;
			buildConfigurationList = C7D786321E9A943E004448A2 /* Build configuration list for PBXNativeTarget "White NoiseUITests" */;
			buildPhases = (
				C7D7861F1E9A943E004448A2 /* Sources */,
				C7D786201E9A943E004448A2 /* Frameworks */,
				C7D786211E9A943E004448A2 /* Resources */,
			);
			buildRules = (
			);
			dependencies = (
				C7D786251E9A943E004448A2 /* PBXTargetDependency */,
			);
			name = "White NoiseUITests";
			productName = "White NoiseUITests";
			productReference = C7D786231E9A943E004448A2 /* White NoiseUITests.xctest */;
			productType = "com.apple.product-type.bundle.ui-testing";
		};
/* End PBXNativeTarget section */

/* Begin PBXProject section */
		C7D785FC1E9A943D004448A2 /* Project object */ = {
			isa = PBXProject;
			attributes = {
				LastSwiftUpdateCheck = 1200;
				LastUpgradeCheck = 1000;
				ORGANIZATIONNAME = "David Albers";
				TargetAttributes = {
					C7283685253CC0D9001CA287 = {
						CreatedOnToolsVersion = 12.0.1;
						DevelopmentTeam = R37L87S852;
						ProvisioningStyle = Automatic;
					};
					C7D786031E9A943E004448A2 = {
						CreatedOnToolsVersion = 8.2.1;
						DevelopmentTeam = R37L87S852;
						LastSwiftMigration = 0900;
						ProvisioningStyle = Automatic;
						SystemCapabilities = {
							com.apple.BackgroundModes = {
								enabled = 1;
							};
							com.apple.InterAppAudio = {
								enabled = 0;
							};
							com.apple.Siri = {
								enabled = 1;
							};
						};
					};
					C7D786171E9A943E004448A2 = {
						CreatedOnToolsVersion = 8.2.1;
						LastSwiftMigration = 0900;
						ProvisioningStyle = Automatic;
						TestTargetID = C7D786031E9A943E004448A2;
					};
					C7D786221E9A943E004448A2 = {
						CreatedOnToolsVersion = 8.2.1;
						LastSwiftMigration = 0900;
						ProvisioningStyle = Automatic;
						TestTargetID = C7D786031E9A943E004448A2;
					};
				};
			};
			buildConfigurationList = C7D785FF1E9A943E004448A2 /* Build configuration list for PBXProject "White Noise" */;
			compatibilityVersion = "Xcode 3.2";
			developmentRegion = English;
			hasScannedForEncodings = 0;
			knownRegions = (
				English,
				en,
				Base,
			);
			mainGroup = C7D785FB1E9A943D004448A2;
			productRefGroup = C7D786051E9A943E004448A2 /* Products */;
			projectDirPath = "";
			projectRoot = "";
			targets = (
				C7D786031E9A943E004448A2 /* White Noise */,
				C7D786171E9A943E004448A2 /* White NoiseTests */,
				C7D786221E9A943E004448A2 /* White NoiseUITests */,
				C7283685253CC0D9001CA287 /* widgetExtension */,
			);
		};
/* End PBXProject section */

/* Begin PBXResourcesBuildPhase section */
		C7283684253CC0D9001CA287 /* Resources */ = {
			isa = PBXResourcesBuildPhase;
			buildActionMask = 2147483647;
			files = (
				C7D0B7E92544AFB8002CB28B /* Assets.xcassets in Resources */,
				C728368F253CC0DB001CA287 /* Assets.xcassets in Resources */,
			);
			runOnlyForDeploymentPostprocessing = 0;
		};
		C7D786021E9A943E004448A2 /* Resources */ = {
			isa = PBXResourcesBuildPhase;
			buildActionMask = 2147483647;
			files = (
				C76AEC0A1EA5A384005CA0AF /* white.mp3 in Resources */,
				C76AEC0C1EA5A3B2005CA0AF /* pink.mp3 in Resources */,
				C7D786121E9A943E004448A2 /* LaunchScreen.storyboard in Resources */,
				C7D7860F1E9A943E004448A2 /* Assets.xcassets in Resources */,
				C7D7860D1E9A943E004448A2 /* Main.storyboard in Resources */,
				C76AEC0E1EA5A3BC005CA0AF /* brown.mp3 in Resources */,
			);
			runOnlyForDeploymentPostprocessing = 0;
		};
		C7D786161E9A943E004448A2 /* Resources */ = {
			isa = PBXResourcesBuildPhase;
			buildActionMask = 2147483647;
			files = (
			);
			runOnlyForDeploymentPostprocessing = 0;
		};
		C7D786211E9A943E004448A2 /* Resources */ = {
			isa = PBXResourcesBuildPhase;
			buildActionMask = 2147483647;
			files = (
			);
			runOnlyForDeploymentPostprocessing = 0;
		};
/* End PBXResourcesBuildPhase section */

/* Begin PBXSourcesBuildPhase section */
		C7283682253CC0D9001CA287 /* Sources */ = {
			isa = PBXSourcesBuildPhase;
			buildActionMask = 2147483647;
			files = (
				C7D0B7FE2545D834002CB28B /* SettingsView.swift in Sources */,
				C72836BC253CC96D001CA287 /* WidgetIntent.intentdefinition in Sources */,
				C72836B1253CC7ED001CA287 /* widget.swift in Sources */,
				C7DC840F253CEB5B00E0575A /* IntentParser.swift in Sources */,
				C7D0B7E42543781F002CB28B /* SettingsSource.swift in Sources */,
				C7D0B7EE2544CF6C002CB28B /* Themer.swift in Sources */,
				C7DC8428253CEBED00E0575A /* NoiseColors.swift in Sources */,
			);
			runOnlyForDeploymentPostprocessing = 0;
		};
		C7D786001E9A943E004448A2 /* Sources */ = {
			isa = PBXSourcesBuildPhase;
			buildActionMask = 2147483647;
			files = (
				C7D7860A1E9A943E004448A2 /* ViewController.swift in Sources */,
				C76AEC101EA5A441005CA0AF /* MainPresenter.swift in Sources */,
				C7797C9723410753008C09EA /* SettingsViewController.swift in Sources */,
				C7D0B7E32543781F002CB28B /* SettingsSource.swift in Sources */,
				C7200CDF216020B80012A3F0 /* IntentParser.swift in Sources */,
				C72836BB253CC96D001CA287 /* WidgetIntent.intentdefinition in Sources */,
				C7DC8423253CEBDC00E0575A /* NoiseColors.swift in Sources */,
				C7B8B18E253B57470047FAAB /* Themer.swift in Sources */,
				C7D786081E9A943E004448A2 /* AppDelegate.swift in Sources */,
				C7200CDD21600C940012A3F0 /* ShortcutCreator.swift in Sources */,
				C7D0B7FD2545D834002CB28B /* SettingsView.swift in Sources */,
			);
			runOnlyForDeploymentPostprocessing = 0;
		};
		C7D786141E9A943E004448A2 /* Sources */ = {
			isa = PBXSourcesBuildPhase;
			buildActionMask = 2147483647;
			files = (
				C7D7861D1E9A943E004448A2 /* White_NoiseTests.swift in Sources */,
			);
			runOnlyForDeploymentPostprocessing = 0;
		};
		C7D7861F1E9A943E004448A2 /* Sources */ = {
			isa = PBXSourcesBuildPhase;
			buildActionMask = 2147483647;
			files = (
				C7D786281E9A943E004448A2 /* White_NoiseUITests.swift in Sources */,
			);
			runOnlyForDeploymentPostprocessing = 0;
		};
/* End PBXSourcesBuildPhase section */

/* Begin PBXTargetDependency section */
		C7283692253CC0DB001CA287 /* PBXTargetDependency */ = {
			isa = PBXTargetDependency;
			target = C7283685253CC0D9001CA287 /* widgetExtension */;
			targetProxy = C7283691253CC0DB001CA287 /* PBXContainerItemProxy */;
		};
		C7D7861A1E9A943E004448A2 /* PBXTargetDependency */ = {
			isa = PBXTargetDependency;
			target = C7D786031E9A943E004448A2 /* White Noise */;
			targetProxy = C7D786191E9A943E004448A2 /* PBXContainerItemProxy */;
		};
		C7D786251E9A943E004448A2 /* PBXTargetDependency */ = {
			isa = PBXTargetDependency;
			target = C7D786031E9A943E004448A2 /* White Noise */;
			targetProxy = C7D786241E9A943E004448A2 /* PBXContainerItemProxy */;
		};
/* End PBXTargetDependency section */

/* Begin PBXVariantGroup section */
		C7D7860B1E9A943E004448A2 /* Main.storyboard */ = {
			isa = PBXVariantGroup;
			children = (
				C7D7860C1E9A943E004448A2 /* Base */,
			);
			name = Main.storyboard;
			sourceTree = "<group>";
		};
		C7D786101E9A943E004448A2 /* LaunchScreen.storyboard */ = {
			isa = PBXVariantGroup;
			children = (
				C7D786111E9A943E004448A2 /* Base */,
			);
			name = LaunchScreen.storyboard;
			sourceTree = "<group>";
		};
/* End PBXVariantGroup section */

/* Begin XCBuildConfiguration section */
		C7283695253CC0DB001CA287 /* Debug */ = {
			isa = XCBuildConfiguration;
			buildSettings = {
				ASSETCATALOG_COMPILER_GLOBAL_ACCENT_COLOR_NAME = AccentColor;
				ASSETCATALOG_COMPILER_WIDGET_BACKGROUND_COLOR_NAME = WidgetBackground;
				CLANG_ANALYZER_NUMBER_OBJECT_CONVERSION = YES_AGGRESSIVE;
				CLANG_CXX_LANGUAGE_STANDARD = "gnu++14";
				CLANG_ENABLE_OBJC_WEAK = YES;
				CLANG_WARN_QUOTED_INCLUDE_IN_FRAMEWORK_HEADER = YES;
				CLANG_WARN_UNGUARDED_AVAILABILITY = YES_AGGRESSIVE;
				CODE_SIGN_ENTITLEMENTS = widgetExtension.entitlements;
				CODE_SIGN_STYLE = Automatic;
				DEVELOPMENT_TEAM = R37L87S852;
				GCC_C_LANGUAGE_STANDARD = gnu11;
				INFOPLIST_FILE = widget/Info.plist;
				LD_RUNPATH_SEARCH_PATHS = "$(inherited) @executable_path/Frameworks @executable_path/../../Frameworks";
				MTL_ENABLE_DEBUG_INFO = INCLUDE_SOURCE;
				MTL_FAST_MATH = YES;
				PRODUCT_BUNDLE_IDENTIFIER = com.dalbers.whitenoiseplus.widget;
				PRODUCT_NAME = "$(TARGET_NAME)";
				SKIP_INSTALL = YES;
				SWIFT_VERSION = 5.0;
				TARGETED_DEVICE_FAMILY = "1,2";
			};
			name = Debug;
		};
		C7283696253CC0DB001CA287 /* Release */ = {
			isa = XCBuildConfiguration;
			buildSettings = {
				ASSETCATALOG_COMPILER_GLOBAL_ACCENT_COLOR_NAME = AccentColor;
				ASSETCATALOG_COMPILER_WIDGET_BACKGROUND_COLOR_NAME = WidgetBackground;
				CLANG_ANALYZER_NUMBER_OBJECT_CONVERSION = YES_AGGRESSIVE;
				CLANG_CXX_LANGUAGE_STANDARD = "gnu++14";
				CLANG_ENABLE_OBJC_WEAK = YES;
				CLANG_WARN_QUOTED_INCLUDE_IN_FRAMEWORK_HEADER = YES;
				CLANG_WARN_UNGUARDED_AVAILABILITY = YES_AGGRESSIVE;
				CODE_SIGN_ENTITLEMENTS = widgetExtension.entitlements;
				CODE_SIGN_STYLE = Automatic;
				DEVELOPMENT_TEAM = R37L87S852;
				GCC_C_LANGUAGE_STANDARD = gnu11;
				INFOPLIST_FILE = widget/Info.plist;
				LD_RUNPATH_SEARCH_PATHS = "$(inherited) @executable_path/Frameworks @executable_path/../../Frameworks";
				MTL_FAST_MATH = YES;
				PRODUCT_BUNDLE_IDENTIFIER = com.dalbers.whitenoiseplus.widget;
				PRODUCT_NAME = "$(TARGET_NAME)";
				SKIP_INSTALL = YES;
				SWIFT_VERSION = 5.0;
				TARGETED_DEVICE_FAMILY = "1,2";
			};
			name = Release;
		};
		C7D7862A1E9A943E004448A2 /* Debug */ = {
			isa = XCBuildConfiguration;
			buildSettings = {
				ALWAYS_SEARCH_USER_PATHS = NO;
				CLANG_ANALYZER_NONNULL = YES;
				CLANG_CXX_LANGUAGE_STANDARD = "gnu++0x";
				CLANG_CXX_LIBRARY = "libc++";
				CLANG_ENABLE_MODULES = YES;
				CLANG_ENABLE_OBJC_ARC = YES;
				CLANG_WARN_BLOCK_CAPTURE_AUTORELEASING = YES;
				CLANG_WARN_BOOL_CONVERSION = YES;
				CLANG_WARN_COMMA = YES;
				CLANG_WARN_CONSTANT_CONVERSION = YES;
				CLANG_WARN_DEPRECATED_OBJC_IMPLEMENTATIONS = YES;
				CLANG_WARN_DIRECT_OBJC_ISA_USAGE = YES_ERROR;
				CLANG_WARN_DOCUMENTATION_COMMENTS = YES;
				CLANG_WARN_EMPTY_BODY = YES;
				CLANG_WARN_ENUM_CONVERSION = YES;
				CLANG_WARN_INFINITE_RECURSION = YES;
				CLANG_WARN_INT_CONVERSION = YES;
				CLANG_WARN_NON_LITERAL_NULL_CONVERSION = YES;
				CLANG_WARN_OBJC_IMPLICIT_RETAIN_SELF = YES;
				CLANG_WARN_OBJC_LITERAL_CONVERSION = YES;
				CLANG_WARN_OBJC_ROOT_CLASS = YES_ERROR;
				CLANG_WARN_RANGE_LOOP_ANALYSIS = YES;
				CLANG_WARN_STRICT_PROTOTYPES = YES;
				CLANG_WARN_SUSPICIOUS_MOVE = YES;
				CLANG_WARN_UNREACHABLE_CODE = YES;
				CLANG_WARN__DUPLICATE_METHOD_MATCH = YES;
				"CODE_SIGN_IDENTITY[sdk=iphoneos*]" = "iPhone Developer";
				COPY_PHASE_STRIP = NO;
				DEBUG_INFORMATION_FORMAT = dwarf;
				ENABLE_STRICT_OBJC_MSGSEND = YES;
				ENABLE_TESTABILITY = YES;
				GCC_C_LANGUAGE_STANDARD = gnu99;
				GCC_DYNAMIC_NO_PIC = NO;
				GCC_NO_COMMON_BLOCKS = YES;
				GCC_OPTIMIZATION_LEVEL = 0;
				GCC_PREPROCESSOR_DEFINITIONS = (
					"DEBUG=1",
					"$(inherited)",
				);
				GCC_WARN_64_TO_32_BIT_CONVERSION = YES;
				GCC_WARN_ABOUT_RETURN_TYPE = YES_ERROR;
				GCC_WARN_UNDECLARED_SELECTOR = YES;
				GCC_WARN_UNINITIALIZED_AUTOS = YES_AGGRESSIVE;
				GCC_WARN_UNUSED_FUNCTION = YES;
				GCC_WARN_UNUSED_VARIABLE = YES;
				IPHONEOS_DEPLOYMENT_TARGET = 14.0;
				MTL_ENABLE_DEBUG_INFO = YES;
				ONLY_ACTIVE_ARCH = YES;
				SDKROOT = iphoneos;
				SWIFT_ACTIVE_COMPILATION_CONDITIONS = DEBUG;
				SWIFT_OPTIMIZATION_LEVEL = "-Onone";
				TARGETED_DEVICE_FAMILY = "1,2";
			};
			name = Debug;
		};
		C7D7862B1E9A943E004448A2 /* Release */ = {
			isa = XCBuildConfiguration;
			buildSettings = {
				ALWAYS_SEARCH_USER_PATHS = NO;
				CLANG_ANALYZER_NONNULL = YES;
				CLANG_CXX_LANGUAGE_STANDARD = "gnu++0x";
				CLANG_CXX_LIBRARY = "libc++";
				CLANG_ENABLE_MODULES = YES;
				CLANG_ENABLE_OBJC_ARC = YES;
				CLANG_WARN_BLOCK_CAPTURE_AUTORELEASING = YES;
				CLANG_WARN_BOOL_CONVERSION = YES;
				CLANG_WARN_COMMA = YES;
				CLANG_WARN_CONSTANT_CONVERSION = YES;
				CLANG_WARN_DEPRECATED_OBJC_IMPLEMENTATIONS = YES;
				CLANG_WARN_DIRECT_OBJC_ISA_USAGE = YES_ERROR;
				CLANG_WARN_DOCUMENTATION_COMMENTS = YES;
				CLANG_WARN_EMPTY_BODY = YES;
				CLANG_WARN_ENUM_CONVERSION = YES;
				CLANG_WARN_INFINITE_RECURSION = YES;
				CLANG_WARN_INT_CONVERSION = YES;
				CLANG_WARN_NON_LITERAL_NULL_CONVERSION = YES;
				CLANG_WARN_OBJC_IMPLICIT_RETAIN_SELF = YES;
				CLANG_WARN_OBJC_LITERAL_CONVERSION = YES;
				CLANG_WARN_OBJC_ROOT_CLASS = YES_ERROR;
				CLANG_WARN_RANGE_LOOP_ANALYSIS = YES;
				CLANG_WARN_STRICT_PROTOTYPES = YES;
				CLANG_WARN_SUSPICIOUS_MOVE = YES;
				CLANG_WARN_UNREACHABLE_CODE = YES;
				CLANG_WARN__DUPLICATE_METHOD_MATCH = YES;
				"CODE_SIGN_IDENTITY[sdk=iphoneos*]" = "iPhone Developer";
				COPY_PHASE_STRIP = NO;
				DEBUG_INFORMATION_FORMAT = "dwarf-with-dsym";
				ENABLE_NS_ASSERTIONS = NO;
				ENABLE_STRICT_OBJC_MSGSEND = YES;
				GCC_C_LANGUAGE_STANDARD = gnu99;
				GCC_NO_COMMON_BLOCKS = YES;
				GCC_WARN_64_TO_32_BIT_CONVERSION = YES;
				GCC_WARN_ABOUT_RETURN_TYPE = YES_ERROR;
				GCC_WARN_UNDECLARED_SELECTOR = YES;
				GCC_WARN_UNINITIALIZED_AUTOS = YES_AGGRESSIVE;
				GCC_WARN_UNUSED_FUNCTION = YES;
				GCC_WARN_UNUSED_VARIABLE = YES;
				IPHONEOS_DEPLOYMENT_TARGET = 14.0;
				MTL_ENABLE_DEBUG_INFO = NO;
				SDKROOT = iphoneos;
				SWIFT_OPTIMIZATION_LEVEL = "-Owholemodule";
				TARGETED_DEVICE_FAMILY = "1,2";
				VALIDATE_PRODUCT = YES;
			};
			name = Release;
		};
		C7D7862D1E9A943E004448A2 /* Debug */ = {
			isa = XCBuildConfiguration;
			buildSettings = {
				ALWAYS_EMBED_SWIFT_STANDARD_LIBRARIES = YES;
				ASSETCATALOG_COMPILER_APPICON_NAME = AppIcon;
				CODE_SIGN_ENTITLEMENTS = "White Noise/White Noise.entitlements";
				"CODE_SIGN_IDENTITY[sdk=iphoneos*]" = "iPhone Developer";
				DEVELOPMENT_TEAM = R37L87S852;
				INFOPLIST_FILE = "White Noise/Info.plist";
				IPHONEOS_DEPLOYMENT_TARGET = 11.0;
				LD_RUNPATH_SEARCH_PATHS = "$(inherited) @executable_path/Frameworks";
				PRODUCT_BUNDLE_IDENTIFIER = com.dalbers.whitenoiseplus;
				PRODUCT_NAME = "$(TARGET_NAME)";
				PROVISIONING_PROFILE_SPECIFIER = "";
				SWIFT_SWIFT3_OBJC_INFERENCE = Default;
				SWIFT_VERSION = 4.0;
				TARGETED_DEVICE_FAMILY = "1,2";
			};
			name = Debug;
		};
		C7D7862E1E9A943E004448A2 /* Release */ = {
			isa = XCBuildConfiguration;
			buildSettings = {
				ALWAYS_EMBED_SWIFT_STANDARD_LIBRARIES = YES;
				ASSETCATALOG_COMPILER_APPICON_NAME = AppIcon;
				CODE_SIGN_ENTITLEMENTS = "White Noise/White Noise.entitlements";
				"CODE_SIGN_IDENTITY[sdk=iphoneos*]" = "iPhone Developer";
				DEVELOPMENT_TEAM = R37L87S852;
				INFOPLIST_FILE = "White Noise/Info.plist";
				IPHONEOS_DEPLOYMENT_TARGET = 11.0;
				LD_RUNPATH_SEARCH_PATHS = "$(inherited) @executable_path/Frameworks";
				PRODUCT_BUNDLE_IDENTIFIER = com.dalbers.whitenoiseplus;
				PRODUCT_NAME = "$(TARGET_NAME)";
				PROVISIONING_PROFILE_SPECIFIER = "";
				SWIFT_SWIFT3_OBJC_INFERENCE = Default;
				SWIFT_VERSION = 4.0;
				TARGETED_DEVICE_FAMILY = "1,2";
			};
			name = Release;
		};
		C7D786301E9A943E004448A2 /* Debug */ = {
			isa = XCBuildConfiguration;
			buildSettings = {
				ALWAYS_EMBED_SWIFT_STANDARD_LIBRARIES = YES;
				BUNDLE_LOADER = "$(TEST_HOST)";
				INFOPLIST_FILE = "White NoiseTests/Info.plist";
				LD_RUNPATH_SEARCH_PATHS = "$(inherited) @executable_path/Frameworks @loader_path/Frameworks";
				PRODUCT_BUNDLE_IDENTIFIER = "com.dalbers.White-NoiseTests";
				PRODUCT_NAME = "$(TARGET_NAME)";
				SWIFT_SWIFT3_OBJC_INFERENCE = Default;
				SWIFT_VERSION = 4.0;
				TEST_HOST = "$(BUILT_PRODUCTS_DIR)/White Noise.app/White Noise";
			};
			name = Debug;
		};
		C7D786311E9A943E004448A2 /* Release */ = {
			isa = XCBuildConfiguration;
			buildSettings = {
				ALWAYS_EMBED_SWIFT_STANDARD_LIBRARIES = YES;
				BUNDLE_LOADER = "$(TEST_HOST)";
				INFOPLIST_FILE = "White NoiseTests/Info.plist";
				LD_RUNPATH_SEARCH_PATHS = "$(inherited) @executable_path/Frameworks @loader_path/Frameworks";
				PRODUCT_BUNDLE_IDENTIFIER = "com.dalbers.White-NoiseTests";
				PRODUCT_NAME = "$(TARGET_NAME)";
				SWIFT_SWIFT3_OBJC_INFERENCE = Default;
				SWIFT_VERSION = 4.0;
				TEST_HOST = "$(BUILT_PRODUCTS_DIR)/White Noise.app/White Noise";
			};
			name = Release;
		};
		C7D786331E9A943E004448A2 /* Debug */ = {
			isa = XCBuildConfiguration;
			buildSettings = {
				ALWAYS_EMBED_SWIFT_STANDARD_LIBRARIES = YES;
				INFOPLIST_FILE = "White NoiseUITests/Info.plist";
				LD_RUNPATH_SEARCH_PATHS = "$(inherited) @executable_path/Frameworks @loader_path/Frameworks";
				PRODUCT_BUNDLE_IDENTIFIER = "com.dalbers.White-NoiseUITests";
				PRODUCT_NAME = "$(TARGET_NAME)";
				SWIFT_SWIFT3_OBJC_INFERENCE = Default;
				SWIFT_VERSION = 4.0;
				TEST_TARGET_NAME = "White Noise";
			};
			name = Debug;
		};
		C7D786341E9A943E004448A2 /* Release */ = {
			isa = XCBuildConfiguration;
			buildSettings = {
				ALWAYS_EMBED_SWIFT_STANDARD_LIBRARIES = YES;
				INFOPLIST_FILE = "White NoiseUITests/Info.plist";
				LD_RUNPATH_SEARCH_PATHS = "$(inherited) @executable_path/Frameworks @loader_path/Frameworks";
				PRODUCT_BUNDLE_IDENTIFIER = "com.dalbers.White-NoiseUITests";
				PRODUCT_NAME = "$(TARGET_NAME)";
				SWIFT_SWIFT3_OBJC_INFERENCE = Default;
				SWIFT_VERSION = 4.0;
				TEST_TARGET_NAME = "White Noise";
			};
			name = Release;
		};
/* End XCBuildConfiguration section */

/* Begin XCConfigurationList section */
		C7283694253CC0DB001CA287 /* Build configuration list for PBXNativeTarget "widgetExtension" */ = {
			isa = XCConfigurationList;
			buildConfigurations = (
				C7283695253CC0DB001CA287 /* Debug */,
				C7283696253CC0DB001CA287 /* Release */,
			);
			defaultConfigurationIsVisible = 0;
			defaultConfigurationName = Release;
		};
		C7D785FF1E9A943E004448A2 /* Build configuration list for PBXProject "White Noise" */ = {
			isa = XCConfigurationList;
			buildConfigurations = (
				C7D7862A1E9A943E004448A2 /* Debug */,
				C7D7862B1E9A943E004448A2 /* Release */,
			);
			defaultConfigurationIsVisible = 0;
			defaultConfigurationName = Release;
		};
		C7D7862C1E9A943E004448A2 /* Build configuration list for PBXNativeTarget "White Noise" */ = {
			isa = XCConfigurationList;
			buildConfigurations = (
				C7D7862D1E9A943E004448A2 /* Debug */,
				C7D7862E1E9A943E004448A2 /* Release */,
			);
			defaultConfigurationIsVisible = 0;
			defaultConfigurationName = Release;
		};
		C7D7862F1E9A943E004448A2 /* Build configuration list for PBXNativeTarget "White NoiseTests" */ = {
			isa = XCConfigurationList;
			buildConfigurations = (
				C7D786301E9A943E004448A2 /* Debug */,
				C7D786311E9A943E004448A2 /* Release */,
			);
			defaultConfigurationIsVisible = 0;
			defaultConfigurationName = Release;
		};
		C7D786321E9A943E004448A2 /* Build configuration list for PBXNativeTarget "White NoiseUITests" */ = {
			isa = XCConfigurationList;
			buildConfigurations = (
				C7D786331E9A943E004448A2 /* Debug */,
				C7D786341E9A943E004448A2 /* Release */,
			);
			defaultConfigurationIsVisible = 0;
			defaultConfigurationName = Release;
		};
/* End XCConfigurationList section */
	};
	rootObject = C7D785FC1E9A943D004448A2 /* Project object */;
}
